<?xml version="1.0" encoding="utf-8"?>
<Project ToolsVersion="4.0" xmlns="http://schemas.microsoft.com/developer/msbuild/2003">
  <ItemGroup>
    <Filter Include="Source Files">
      <UniqueIdentifier>{4FC737F1-C7A5-4376-A066-2A32D752A2FF}</UniqueIdentifier>
      <Extensions>cpp;c;cc;cxx;def;odl;idl;hpj;bat;asm;asmx</Extensions>
    </Filter>
    <Filter Include="Header Files">
      <UniqueIdentifier>{93995380-89BD-4b04-88EB-625FBE52EBFB}</UniqueIdentifier>
      <Extensions>h;hh;hpp;hxx;hm;inl;inc;xsd</Extensions>
    </Filter>
    <Filter Include="Resource Files">
      <UniqueIdentifier>{67DA6AB6-F800-4c08-8B7A-83BB121AAD01}</UniqueIdentifier>
      <Extensions>rc;ico;cur;bmp;dlg;rc2;rct;bin;rgs;gif;jpg;jpeg;jpe;resx;tiff;tif;png;wav;mfcribbon-ms</Extensions>
    </Filter>
  </ItemGroup>
  <ItemGroup>
    <ClCompile Include="Objects\Camera.cpp">
      <Filter>Source Files</Filter>
    </ClCompile>
    <ClCompile Include="D3D12\D3DApp.cpp">
      <Filter>Source Files</Filter>
    </ClCompile>
    <ClCompile Include="D3D12\D3DUtil.cpp">
      <Filter>Source Files</Filter>
    </ClCompile>
    <ClCompile Include="Models\External\DDSTextureLoader.cpp">
      <Filter>Source Files</Filter>
    </ClCompile>
    <ClCompile Include="Utilities\GameTimer.cpp">
      <Filter>Source Files</Filter>
    </ClCompile>
    <ClCompile Include="Models\Internal\GeometryGenerator.cpp">
      <Filter>Source Files</Filter>
    </ClCompile>
    <ClCompile Include="Common\Math.cpp">
      <Filter>Source Files</Filter>
    </ClCompile>
    <ClCompile Include="Render\Resources\FrameResource.cpp">
      <Filter>Source Files</Filter>
    </ClCompile>
    <ClCompile Include="EngineApp.cpp">
      <Filter>Source Files</Filter>
    </ClCompile>
    <ClCompile Include="Render\Resources\Mesh.cpp">
      <Filter>Source Files</Filter>
    </ClCompile>
    <ClCompile Include="Build\PushRenderItems.cpp">
      <Filter>Source Files</Filter>
    </ClCompile>
    <ClCompile Include="Build\PopulateDescriptorHeaps.cpp">
      <Filter>Source Files</Filter>
    </ClCompile>
    <ClCompile Include="Build\SetFenceResources.cpp">
      <Filter>Source Files</Filter>
    </ClCompile>
    <ClCompile Include="Controls\Controls.cpp">
      <Filter>Source Files</Filter>
    </ClCompile>
    <ClCompile Include="Update\UpdateShadowPass.cpp">
      <Filter>Source Files</Filter>
    </ClCompile>
    <ClCompile Include="Update\UpdateMainPass.cpp">
      <Filter>Source Files</Filter>
    </ClCompile>
    <ClCompile Include="Update\UpdateMaterialBuffers.cpp">
      <Filter>Source Files</Filter>
    </ClCompile>
    <ClCompile Include="Update\UpdateRenderItems.cpp">
      <Filter>Source Files</Filter>
    </ClCompile>
    <ClCompile Include="Render\Resources\Skeleton.cpp">
      <Filter>Source Files</Filter>
    </ClCompile>
    <ClCompile Include="Update\UpdateAnimConstants.cpp">
      <Filter>Source Files</Filter>
    </ClCompile>
    <ClCompile Include="Render\Resources\RenderItem.cpp">
      <Filter>Source Files</Filter>
    </ClCompile>
    <ClCompile Include="Update\UpdateRenderAssets.cpp">
      <Filter>Source Files</Filter>
    </ClCompile>
    <ClCompile Include="Build\BuildScene.cpp">
      <Filter>Source Files</Filter>
    </ClCompile>
    <ClCompile Include="Update\UpdateLights.cpp">
      <Filter>Source Files</Filter>
    </ClCompile>
    <ClCompile Include="Serialize\LevelReader.cpp">
      <Filter>Source Files</Filter>
    </ClCompile>
    <ClCompile Include="Build\PushLights.cpp">
      <Filter>Source Files</Filter>
    </ClCompile>
    <ClCompile Include="Objects\ViewFrustum.cpp">
      <Filter>Source Files</Filter>
    </ClCompile>
    <ClCompile Include="Build\SerializeLevel.cpp">
      <Filter>Source Files</Filter>
    </ClCompile>
    <ClCompile Include="Render\Manager\Render.cpp">
      <Filter>Source Files</Filter>
    </ClCompile>
    <ClCompile Include="Render\Passes\ShadowPass.cpp">
      <Filter>Source Files</Filter>
    </ClCompile>
    <ClCompile Include="Build\SetRenderPassResources.cpp">
      <Filter>Source Files</Filter>
    </ClCompile>
    <ClCompile Include="Render\Resources\MeshAnimationResource.cpp">
      <Filter>Source Files</Filter>
    </ClCompile>
    <ClCompile Include="ImGui\imgui.cpp">
      <Filter>Source Files</Filter>
    </ClCompile>
    <ClCompile Include="ImGui\imgui_demo.cpp">
      <Filter>Source Files</Filter>
    </ClCompile>
    <ClCompile Include="ImGui\imgui_draw.cpp">
      <Filter>Source Files</Filter>
    </ClCompile>
    <ClCompile Include="ImGui\imgui_impl_dx12.cpp">
      <Filter>Source Files</Filter>
    </ClCompile>
    <ClCompile Include="ImGui\imgui_impl_win32.cpp">
      <Filter>Source Files</Filter>
    </ClCompile>
    <ClCompile Include="ImGui\imgui_tables.cpp">
      <Filter>Source Files</Filter>
    </ClCompile>
    <ClCompile Include="ImGui\imgui_widgets.cpp">
      <Filter>Source Files</Filter>
    </ClCompile>
    <ClCompile Include="Gui\GuiManager.cpp">
      <Filter>Source Files</Filter>
    </ClCompile>
    <ClCompile Include="Render\Passes\GBufferPass.cpp">
      <Filter>Source Files</Filter>
    </ClCompile>
    <ClCompile Include="Render\Resources\GBufferPassResource.cpp">
      <Filter>Source Files</Filter>
    </ClCompile>
    <ClCompile Include="Render\Passes\LightingPass.cpp">
      <Filter>Source Files</Filter>
    </ClCompile>
    <ClCompile Include="Render\Resources\RenderTextures.cpp">
      <Filter>Source Files</Filter>
    </ClCompile>
    <ClCompile Include="Render\Resources\ShadowResources.cpp">
      <Filter>Source Files</Filter>
    </ClCompile>
    <ClCompile Include="Render\Resources\ShadowMap.cpp">
      <Filter>Source Files</Filter>
    </ClCompile>
    <ClCompile Include="Render\Passes\SsaoPass.cpp">
      <Filter>Source Files</Filter>
    </ClCompile>
    <ClCompile Include="Render\Resources\Ssao.cpp">
      <Filter>Source Files</Filter>
    </ClCompile>
    <ClCompile Include="Update\UpdateSSCB.cpp">
      <Filter>Source Files</Filter>
    </ClCompile>
    <ClCompile Include="Render\Passes\SsaoBlurPass.cpp">
      <Filter>Source Files</Filter>
    </ClCompile>
    <ClCompile Include="Update\UpdateSSCB.cpp">
      <Filter>Source Files</Filter>
    </ClCompile>
    <ClCompile Include="Render\Resources\Ssgi.cpp">
      <Filter>Source Files</Filter>
    </ClCompile>
    <ClCompile Include="Render\Passes\SsgiPass.cpp">
      <Filter>Source Files</Filter>
    </ClCompile>
    <ClCompile Include="Render\Resources\LightingPassResource.cpp">
      <Filter>Source Files</Filter>
    </ClCompile>
    <ClCompile Include="Render\Passes\SsgiBlurPass.cpp">
      <Filter>Source Files</Filter>
    </ClCompile>
    <ClCompile Include="Render\Resources\CompositePassResource.cpp">
      <Filter>Source Files</Filter>
    </ClCompile>
    <ClCompile Include="Render\Passes\CompositePass.cpp">
      <Filter>Source Files</Filter>
    </ClCompile>
    <ClCompile Include="Render\Resources\SSS.cpp">
      <Filter>Source Files</Filter>
    </ClCompile>
    <ClCompile Include="Update\UpdateSSSCB.cpp">
      <Filter>Source Files</Filter>
    </ClCompile>
    <ClCompile Include="Render\Passes\SssPass.cpp">
      <Filter>Source Files</Filter>
    </ClCompile>
    <ClCompile Include="Render\Resources\RadiancePassResource.cpp">
      <Filter>Source Files</Filter>
    </ClCompile>
    <ClCompile Include="Render\Resources\RadianceResources.cpp">
      <Filter>Source Files</Filter>
    </ClCompile>
    <ClCompile Include="Render\Passes\RadiancePass.cpp">
      <Filter>Source Files</Filter>
    </ClCompile>
    <ClCompile Include="Update\UpdateRadiancePass.cpp">
      <Filter>Source Files</Filter>
    </ClCompile>
    <ClCompile Include="Render\Passes\SssBlurPass.cpp">
      <Filter>Source Files</Filter>
    </ClCompile>
    <ClCompile Include="Utilities\OnnxModelResource.cpp">
      <Filter>Source Files</Filter>
    </ClCompile>
    <ClCompile Include="Assets\AssetManager.cpp">
      <Filter>Source Files</Filter>
    </ClCompile>
    <ClCompile Include="Assets\PipelineStates.cpp">
      <Filter>Source Files</Filter>
    </ClCompile>
    <ClCompile Include="Assets\RootSignatures.cpp">
      <Filter>Source Files</Filter>
    </ClCompile>
    <ClCompile Include="Assets\Shaders.cpp">
      <Filter>Source Files</Filter>
    </ClCompile>
    <ClCompile Include="Render\RenderPipeline.cpp">
      <Filter>Source Files</Filter>
    </ClCompile>
    <ClCompile Include="Render\Passes\AnimationPass.cpp">
      <Filter>Source Files</Filter>
    </ClCompile>
    <ClCompile Include="Render\Passes\PhysicsPass.cpp">
      <Filter>Source Files</Filter>
    </ClCompile>
    <ClCompile Include="Render\RenderPassResource.cpp">
      <Filter>Source Files</Filter>
    </ClCompile>
  </ItemGroup>
  <ItemGroup>
    <ClInclude Include="Objects\Camera.h">
      <Filter>Header Files</Filter>
    </ClInclude>
    <ClInclude Include="D3D12\D3DApp.h">
      <Filter>Header Files</Filter>
    </ClInclude>
    <ClInclude Include="D3D12\D3DUtil.h">
      <Filter>Header Files</Filter>
    </ClInclude>
    <ClInclude Include="D3D12\D3Dx12.h">
      <Filter>Header Files</Filter>
    </ClInclude>
    <ClInclude Include="Models\External\DDSTextureLoader.h">
      <Filter>Header Files</Filter>
    </ClInclude>
    <ClInclude Include="Utilities\GameTimer.h">
      <Filter>Header Files</Filter>
    </ClInclude>
    <ClInclude Include="Models\Internal\GeometryGenerator.h">
      <Filter>Header Files</Filter>
    </ClInclude>
    <ClInclude Include="Common\Math.h">
      <Filter>Header Files</Filter>
    </ClInclude>
    <ClInclude Include="Common\UploadBuffer.h">
      <Filter>Header Files</Filter>
    </ClInclude>
    <ClInclude Include="Render\Resources\FrameResource.h">
      <Filter>Header Files</Filter>
    </ClInclude>
    <ClInclude Include="EngineApp.h">
      <Filter>Header Files</Filter>
    </ClInclude>
    <ClInclude Include="Render\Resources\RenderItem.h">
      <Filter>Header Files</Filter>
    </ClInclude>
    <ClInclude Include="Render\Resources\Skinning.h">
      <Filter>Header Files</Filter>
    </ClInclude>
    <ClInclude Include="Common\Structures.h">
      <Filter>Header Files</Filter>
    </ClInclude>
    <ClInclude Include="Render\Resources\Joint.h">
      <Filter>Header Files</Filter>
    </ClInclude>
    <ClInclude Include="Render\Resources\Skeleton.h">
      <Filter>Header Files</Filter>
    </ClInclude>
    <ClInclude Include="Render\Resources\Mesh.h">
      <Filter>Header Files</Filter>
    </ClInclude>
    <ClInclude Include="Render\Resources\TransformNode.h">
      <Filter>Header Files</Filter>
    </ClInclude>
    <ClInclude Include="Serialize\LevelReader.h">
      <Filter>Header Files</Filter>
    </ClInclude>
    <ClInclude Include="Objects\ViewFrustum.h">
      <Filter>Header Files</Filter>
    </ClInclude>
    <ClInclude Include="Render\Resources\Blendshapes.h">
      <Filter>Header Files</Filter>
    </ClInclude>
    <ClInclude Include="Render\Resources\MeshAnimationResource.h">
      <Filter>Header Files</Filter>
    </ClInclude>
    <ClInclude Include="ImGui\imconfig.h">
      <Filter>Header Files</Filter>
    </ClInclude>
    <ClInclude Include="ImGui\imgui.h">
      <Filter>Header Files</Filter>
    </ClInclude>
    <ClInclude Include="ImGui\imgui_impl_dx12.h">
      <Filter>Header Files</Filter>
    </ClInclude>
    <ClInclude Include="ImGui\imgui_impl_win32.h">
      <Filter>Header Files</Filter>
    </ClInclude>
    <ClInclude Include="ImGui\imgui_internal.h">
      <Filter>Header Files</Filter>
    </ClInclude>
    <ClInclude Include="ImGui\imstb_rectpack.h">
      <Filter>Header Files</Filter>
    </ClInclude>
    <ClInclude Include="ImGui\imstb_textedit.h">
      <Filter>Header Files</Filter>
    </ClInclude>
    <ClInclude Include="ImGui\imstb_truetype.h">
      <Filter>Header Files</Filter>
    </ClInclude>
    <ClInclude Include="Gui\GuiManager.h">
      <Filter>Header Files</Filter>
    </ClInclude>
    <ClInclude Include="Render\Resources\GBufferPassResource.h">
      <Filter>Header Files</Filter>
    </ClInclude>
    <ClInclude Include="Utilities\stb_image.h">
      <Filter>Header Files</Filter>
    </ClInclude>
    <ClInclude Include="Render\Resources\RenderTextures.h">
      <Filter>Header Files</Filter>
    </ClInclude>
    <ClInclude Include="Render\Resources\ShadowResources.h">
      <Filter>Header Files</Filter>
    </ClInclude>
    <ClInclude Include="Render\Resources\ShadowMap.h">
      <Filter>Header Files</Filter>
    </ClInclude>
    <ClInclude Include="Render\Resources\Ssao.h">
      <Filter>Header Files</Filter>
    </ClInclude>
    <ClInclude Include="Render\Resources\Ssgi.h">
      <Filter>Header Files</Filter>
    </ClInclude>
    <ClInclude Include="Render\Resources\LightingPassResource.h">
      <Filter>Header Files</Filter>
    </ClInclude>
    <ClInclude Include="Render\Resources\CompositePassResource.h">
      <Filter>Header Files</Filter>
    </ClInclude>
    <ClInclude Include="Render\Resources\SSS.h">
      <Filter>Header Files</Filter>
    </ClInclude>
    <ClInclude Include="Render\Resources\RadiancePassResource.h">
      <Filter>Header Files</Filter>
    </ClInclude>
    <ClInclude Include="Render\Resources\RadianceResources.h">
      <Filter>Header Files</Filter>
    </ClInclude>
    <ClInclude Include="Utilities\OnnxModelResource.h">
      <Filter>Header Files</Filter>
    </ClInclude>
    <ClInclude Include="Assets\AssetManager.h">
      <Filter>Header Files</Filter>
    </ClInclude>
    <ClInclude Include="Render\Passes\CompositePass.h">
      <Filter>Header Files</Filter>
    </ClInclude>
    <ClInclude Include="Render\Passes\AnimationPass.h">
      <Filter>Header Files</Filter>
    </ClInclude>
    <ClInclude Include="Render\Passes\GBufferPass.h">
      <Filter>Header Files</Filter>
    </ClInclude>
    <ClInclude Include="Render\Passes\LightingPass.h">
      <Filter>Header Files</Filter>
    </ClInclude>
    <ClInclude Include="Render\Passes\PhysicsPass.h">
      <Filter>Header Files</Filter>
    </ClInclude>
    <ClInclude Include="Render\Passes\RadiancePass.h">
      <Filter>Header Files</Filter>
    </ClInclude>
    <ClInclude Include="Render\Passes\ShadowPass.h">
      <Filter>Header Files</Filter>
    </ClInclude>
    <ClInclude Include="Render\Passes\SsaoBlurPass.h">
      <Filter>Header Files</Filter>
    </ClInclude>
    <ClInclude Include="Render\Passes\SsaoPass.h">
      <Filter>Header Files</Filter>
    </ClInclude>
    <ClInclude Include="Render\Passes\SsgiBlurPass.h">
      <Filter>Header Files</Filter>
    </ClInclude>
    <ClInclude Include="Render\Passes\SsgiPass.h">
      <Filter>Header Files</Filter>
    </ClInclude>
    <ClInclude Include="Render\Passes\SssBlurPass.h">
      <Filter>Header Files</Filter>
    </ClInclude>
    <ClInclude Include="Render\Passes\SssPass.h">
      <Filter>Header Files</Filter>
    </ClInclude>
    <ClInclude Include="Render\DrawRenderItems.h">
      <Filter>Header Files</Filter>
    </ClInclude>
    <ClInclude Include="Render\IRenderPass.h">
      <Filter>Header Files</Filter>
    </ClInclude>
    <ClInclude Include="Render\RenderContext.h">
      <Filter>Header Files</Filter>
    </ClInclude>
    <ClInclude Include="Render\RenderPipeline.h">
      <Filter>Header Files</Filter>
    </ClInclude>
    <ClInclude Include="Render\IRenderPassResource.h">
      <Filter>Header Files</Filter>
    </ClInclude>
    <ClInclude Include="Render\RenderPassResource.h">
      <Filter>Header Files</Filter>
    </ClInclude>
  </ItemGroup>
</Project>